
Microsoft Visual Studio Solution File, Format Version 12.00
# Visual Studio 15
VisualStudioVersion = 15.0.26124.0
MinimumVisualStudioVersion = 15.0.26124.0
Project("{2150E333-8FDC-42A3-9474-1A3956D46DE8}") = "Applications", "Applications", "{0BE7223A-F2B8-453A-A2B0-178EB5FFDB61}"
EndProject
Project("{2150E333-8FDC-42A3-9474-1A3956D46DE8}") = "Components", "Components", "{A7C2BC38-85B2-40B5-9F62-22A128C39A1E}"
EndProject
Project("{FAE04EC0-301F-11D3-BF4B-00C04F79EFBC}") = "TestSupport", "Components\TestSupport\TestSupport.csproj", "{43F433C9-087B-4DBA-925A-896471381EBB}"
EndProject
Project("{FAE04EC0-301F-11D3-BF4B-00C04F79EFBC}") = "Users", "Components\Users\Users.csproj", "{00D240D4-BF53-431D-8EE7-E86F0C9BE042}"
EndProject
Project("{FAE04EC0-301F-11D3-BF4B-00C04F79EFBC}") = "Accounts", "Components\Accounts\Accounts.csproj", "{55982E8E-9BAF-475C-85B1-AB6E03B272D8}"
EndProject
Project("{FAE04EC0-301F-11D3-BF4B-00C04F79EFBC}") = "Projects", "Components\Projects\Projects.csproj", "{BDBDD765-E85C-41E7-A554-A5ECE92640F8}"
EndProject
Project("{FAE04EC0-301F-11D3-BF4B-00C04F79EFBC}") = "UsersTests", "Components\UsersTests\UsersTests.csproj", "{64F99CD6-64D1-4212-A561-ABEDBDDE8E0D}"
EndProject
Project("{FAE04EC0-301F-11D3-BF4B-00C04F79EFBC}") = "AccountsTests", "Components\AccountsTests\AccountsTests.csproj", "{1E7E55B5-CCDA-45D7-AF58-AA23AEC2328F}"
EndProject
Project("{FAE04EC0-301F-11D3-BF4B-00C04F79EFBC}") = "ProjectsTests", "Components\ProjectsTests\ProjectsTests.csproj", "{57522E5F-832C-4C0E-9456-E1C625A7E516}"
EndProject
Project("{FAE04EC0-301F-11D3-BF4B-00C04F79EFBC}") = "Allocations", "Components\Allocations\Allocations.csproj", "{01EBBC7D-1E8D-461B-A0D2-C30C3E20E7BC}"
EndProject
Project("{FAE04EC0-301F-11D3-BF4B-00C04F79EFBC}") = "AllocationsTests", "Components\AllocationsTests\AllocationsTests.csproj", "{D8DA32E6-E47C-42D1-B21A-683C1C57B8A6}"
EndProject
Project("{FAE04EC0-301F-11D3-BF4B-00C04F79EFBC}") = "Backlog", "Components\Backlog\Backlog.csproj", "{10B69C59-9FFB-4727-A0BE-EF55518A663A}"
EndProject
Project("{FAE04EC0-301F-11D3-BF4B-00C04F79EFBC}") = "BacklogTests", "Components\BacklogTests\BacklogTests.csproj", "{AD0FA010-F8B5-4217-87B1-6F420610409E}"
EndProject
Project("{FAE04EC0-301F-11D3-BF4B-00C04F79EFBC}") = "Timesheets", "Components\Timesheets\Timesheets.csproj", "{DD0402F1-D4A9-4047-A78E-702CBD67BF54}"
EndProject
Project("{FAE04EC0-301F-11D3-BF4B-00C04F79EFBC}") = "TimesheetsTests", "Components\TimesheetsTests\TimesheetsTests.csproj", "{C72E2732-2FD9-4C4F-98A0-A8ED2F7597E2}"
EndProject
Project("{FAE04EC0-301F-11D3-BF4B-00C04F79EFBC}") = "AllocationsServer", "Applications\AllocationsServer\AllocationsServer.csproj", "{AFE6B0C1-2589-4F0B-BC02-B5758B3B1612}"
EndProject
Project("{FAE04EC0-301F-11D3-BF4B-00C04F79EFBC}") = "BacklogServer", "Applications\BacklogServer\BacklogServer.csproj", "{D912433D-9BD1-417E-A93D-269782773981}"
EndProject
Project("{FAE04EC0-301F-11D3-BF4B-00C04F79EFBC}") = "RegistrationServer", "Applications\RegistrationServer\RegistrationServer.csproj", "{065C321D-898D-43AD-844D-2B86E061C2E5}"
EndProject
Project("{FAE04EC0-301F-11D3-BF4B-00C04F79EFBC}") = "TimesheetsServer", "Applications\TimesheetsServer\TimesheetsServer.csproj", "{445C0693-8074-4A41-AE3F-9D26FF07321A}"
EndProject
Project("{FAE04EC0-301F-11D3-BF4B-00C04F79EFBC}") = "DefaultRoute", "Components\DefaultRoute\DefaultRoute.csproj", "{B61284FD-C6E8-437D-9C06-86575121A49D}"
EndProject
Project("{FAE04EC0-301F-11D3-BF4B-00C04F79EFBC}") = "IntegrationTest", "IntegrationTest\IntegrationTest.csproj", "{5064F505-B8E9-480C-9D58-942F3F0636E0}"
EndProject
Global
	GlobalSection(SolutionConfigurationPlatforms) = preSolution
		Debug|Any CPU = Debug|Any CPU
		Debug|x64 = Debug|x64
		Debug|x86 = Debug|x86
		Release|Any CPU = Release|Any CPU
		Release|x64 = Release|x64
		Release|x86 = Release|x86
	EndGlobalSection
	GlobalSection(SolutionProperties) = preSolution
		HideSolutionNode = FALSE
	EndGlobalSection
	GlobalSection(ProjectConfigurationPlatforms) = postSolution
		{43F433C9-087B-4DBA-925A-896471381EBB}.Debug|Any CPU.ActiveCfg = Debug|Any CPU
		{43F433C9-087B-4DBA-925A-896471381EBB}.Debug|Any CPU.Build.0 = Debug|Any CPU
		{43F433C9-087B-4DBA-925A-896471381EBB}.Debug|x64.ActiveCfg = Debug|Any CPU
		{43F433C9-087B-4DBA-925A-896471381EBB}.Debug|x64.Build.0 = Debug|Any CPU
		{43F433C9-087B-4DBA-925A-896471381EBB}.Debug|x86.ActiveCfg = Debug|Any CPU
		{43F433C9-087B-4DBA-925A-896471381EBB}.Debug|x86.Build.0 = Debug|Any CPU
		{43F433C9-087B-4DBA-925A-896471381EBB}.Release|Any CPU.ActiveCfg = Release|Any CPU
		{43F433C9-087B-4DBA-925A-896471381EBB}.Release|Any CPU.Build.0 = Release|Any CPU
		{43F433C9-087B-4DBA-925A-896471381EBB}.Release|x64.ActiveCfg = Release|Any CPU
		{43F433C9-087B-4DBA-925A-896471381EBB}.Release|x64.Build.0 = Release|Any CPU
		{43F433C9-087B-4DBA-925A-896471381EBB}.Release|x86.ActiveCfg = Release|Any CPU
		{43F433C9-087B-4DBA-925A-896471381EBB}.Release|x86.Build.0 = Release|Any CPU
		{00D240D4-BF53-431D-8EE7-E86F0C9BE042}.Debug|Any CPU.ActiveCfg = Debug|Any CPU
		{00D240D4-BF53-431D-8EE7-E86F0C9BE042}.Debug|Any CPU.Build.0 = Debug|Any CPU
		{00D240D4-BF53-431D-8EE7-E86F0C9BE042}.Debug|x64.ActiveCfg = Debug|Any CPU
		{00D240D4-BF53-431D-8EE7-E86F0C9BE042}.Debug|x64.Build.0 = Debug|Any CPU
		{00D240D4-BF53-431D-8EE7-E86F0C9BE042}.Debug|x86.ActiveCfg = Debug|Any CPU
		{00D240D4-BF53-431D-8EE7-E86F0C9BE042}.Debug|x86.Build.0 = Debug|Any CPU
		{00D240D4-BF53-431D-8EE7-E86F0C9BE042}.Release|Any CPU.ActiveCfg = Release|Any CPU
		{00D240D4-BF53-431D-8EE7-E86F0C9BE042}.Release|Any CPU.Build.0 = Release|Any CPU
		{00D240D4-BF53-431D-8EE7-E86F0C9BE042}.Release|x64.ActiveCfg = Release|Any CPU
		{00D240D4-BF53-431D-8EE7-E86F0C9BE042}.Release|x64.Build.0 = Release|Any CPU
		{00D240D4-BF53-431D-8EE7-E86F0C9BE042}.Release|x86.ActiveCfg = Release|Any CPU
		{00D240D4-BF53-431D-8EE7-E86F0C9BE042}.Release|x86.Build.0 = Release|Any CPU
		{55982E8E-9BAF-475C-85B1-AB6E03B272D8}.Debug|Any CPU.ActiveCfg = Debug|Any CPU
		{55982E8E-9BAF-475C-85B1-AB6E03B272D8}.Debug|Any CPU.Build.0 = Debug|Any CPU
		{55982E8E-9BAF-475C-85B1-AB6E03B272D8}.Debug|x64.ActiveCfg = Debug|Any CPU
		{55982E8E-9BAF-475C-85B1-AB6E03B272D8}.Debug|x64.Build.0 = Debug|Any CPU
		{55982E8E-9BAF-475C-85B1-AB6E03B272D8}.Debug|x86.ActiveCfg = Debug|Any CPU
		{55982E8E-9BAF-475C-85B1-AB6E03B272D8}.Debug|x86.Build.0 = Debug|Any CPU
		{55982E8E-9BAF-475C-85B1-AB6E03B272D8}.Release|Any CPU.ActiveCfg = Release|Any CPU
		{55982E8E-9BAF-475C-85B1-AB6E03B272D8}.Release|Any CPU.Build.0 = Release|Any CPU
		{55982E8E-9BAF-475C-85B1-AB6E03B272D8}.Release|x64.ActiveCfg = Release|Any CPU
		{55982E8E-9BAF-475C-85B1-AB6E03B272D8}.Release|x64.Build.0 = Release|Any CPU
		{55982E8E-9BAF-475C-85B1-AB6E03B272D8}.Release|x86.ActiveCfg = Release|Any CPU
		{55982E8E-9BAF-475C-85B1-AB6E03B272D8}.Release|x86.Build.0 = Release|Any CPU
		{BDBDD765-E85C-41E7-A554-A5ECE92640F8}.Debug|Any CPU.ActiveCfg = Debug|Any CPU
		{BDBDD765-E85C-41E7-A554-A5ECE92640F8}.Debug|Any CPU.Build.0 = Debug|Any CPU
		{BDBDD765-E85C-41E7-A554-A5ECE92640F8}.Debug|x64.ActiveCfg = Debug|Any CPU
		{BDBDD765-E85C-41E7-A554-A5ECE92640F8}.Debug|x64.Build.0 = Debug|Any CPU
		{BDBDD765-E85C-41E7-A554-A5ECE92640F8}.Debug|x86.ActiveCfg = Debug|Any CPU
		{BDBDD765-E85C-41E7-A554-A5ECE92640F8}.Debug|x86.Build.0 = Debug|Any CPU
		{BDBDD765-E85C-41E7-A554-A5ECE92640F8}.Release|Any CPU.ActiveCfg = Release|Any CPU
		{BDBDD765-E85C-41E7-A554-A5ECE92640F8}.Release|Any CPU.Build.0 = Release|Any CPU
		{BDBDD765-E85C-41E7-A554-A5ECE92640F8}.Release|x64.ActiveCfg = Release|Any CPU
		{BDBDD765-E85C-41E7-A554-A5ECE92640F8}.Release|x64.Build.0 = Release|Any CPU
		{BDBDD765-E85C-41E7-A554-A5ECE92640F8}.Release|x86.ActiveCfg = Release|Any CPU
		{BDBDD765-E85C-41E7-A554-A5ECE92640F8}.Release|x86.Build.0 = Release|Any CPU
		{64F99CD6-64D1-4212-A561-ABEDBDDE8E0D}.Debug|Any CPU.ActiveCfg = Debug|Any CPU
		{64F99CD6-64D1-4212-A561-ABEDBDDE8E0D}.Debug|Any CPU.Build.0 = Debug|Any CPU
		{64F99CD6-64D1-4212-A561-ABEDBDDE8E0D}.Debug|x64.ActiveCfg = Debug|Any CPU
		{64F99CD6-64D1-4212-A561-ABEDBDDE8E0D}.Debug|x64.Build.0 = Debug|Any CPU
		{64F99CD6-64D1-4212-A561-ABEDBDDE8E0D}.Debug|x86.ActiveCfg = Debug|Any CPU
		{64F99CD6-64D1-4212-A561-ABEDBDDE8E0D}.Debug|x86.Build.0 = Debug|Any CPU
		{64F99CD6-64D1-4212-A561-ABEDBDDE8E0D}.Release|Any CPU.ActiveCfg = Release|Any CPU
		{64F99CD6-64D1-4212-A561-ABEDBDDE8E0D}.Release|Any CPU.Build.0 = Release|Any CPU
		{64F99CD6-64D1-4212-A561-ABEDBDDE8E0D}.Release|x64.ActiveCfg = Release|Any CPU
		{64F99CD6-64D1-4212-A561-ABEDBDDE8E0D}.Release|x64.Build.0 = Release|Any CPU
		{64F99CD6-64D1-4212-A561-ABEDBDDE8E0D}.Release|x86.ActiveCfg = Release|Any CPU
		{64F99CD6-64D1-4212-A561-ABEDBDDE8E0D}.Release|x86.Build.0 = Release|Any CPU
		{1E7E55B5-CCDA-45D7-AF58-AA23AEC2328F}.Debug|Any CPU.ActiveCfg = Debug|Any CPU
		{1E7E55B5-CCDA-45D7-AF58-AA23AEC2328F}.Debug|Any CPU.Build.0 = Debug|Any CPU
		{1E7E55B5-CCDA-45D7-AF58-AA23AEC2328F}.Debug|x64.ActiveCfg = Debug|Any CPU
		{1E7E55B5-CCDA-45D7-AF58-AA23AEC2328F}.Debug|x64.Build.0 = Debug|Any CPU
		{1E7E55B5-CCDA-45D7-AF58-AA23AEC2328F}.Debug|x86.ActiveCfg = Debug|Any CPU
		{1E7E55B5-CCDA-45D7-AF58-AA23AEC2328F}.Debug|x86.Build.0 = Debug|Any CPU
		{1E7E55B5-CCDA-45D7-AF58-AA23AEC2328F}.Release|Any CPU.ActiveCfg = Release|Any CPU
		{1E7E55B5-CCDA-45D7-AF58-AA23AEC2328F}.Release|Any CPU.Build.0 = Release|Any CPU
		{1E7E55B5-CCDA-45D7-AF58-AA23AEC2328F}.Release|x64.ActiveCfg = Release|Any CPU
		{1E7E55B5-CCDA-45D7-AF58-AA23AEC2328F}.Release|x64.Build.0 = Release|Any CPU
		{1E7E55B5-CCDA-45D7-AF58-AA23AEC2328F}.Release|x86.ActiveCfg = Release|Any CPU
		{1E7E55B5-CCDA-45D7-AF58-AA23AEC2328F}.Release|x86.Build.0 = Release|Any CPU
		{57522E5F-832C-4C0E-9456-E1C625A7E516}.Debug|Any CPU.ActiveCfg = Debug|Any CPU
		{57522E5F-832C-4C0E-9456-E1C625A7E516}.Debug|Any CPU.Build.0 = Debug|Any CPU
		{57522E5F-832C-4C0E-9456-E1C625A7E516}.Debug|x64.ActiveCfg = Debug|Any CPU
		{57522E5F-832C-4C0E-9456-E1C625A7E516}.Debug|x64.Build.0 = Debug|Any CPU
		{57522E5F-832C-4C0E-9456-E1C625A7E516}.Debug|x86.ActiveCfg = Debug|Any CPU
		{57522E5F-832C-4C0E-9456-E1C625A7E516}.Debug|x86.Build.0 = Debug|Any CPU
		{57522E5F-832C-4C0E-9456-E1C625A7E516}.Release|Any CPU.ActiveCfg = Release|Any CPU
		{57522E5F-832C-4C0E-9456-E1C625A7E516}.Release|Any CPU.Build.0 = Release|Any CPU
		{57522E5F-832C-4C0E-9456-E1C625A7E516}.Release|x64.ActiveCfg = Release|Any CPU
		{57522E5F-832C-4C0E-9456-E1C625A7E516}.Release|x64.Build.0 = Release|Any CPU
		{57522E5F-832C-4C0E-9456-E1C625A7E516}.Release|x86.ActiveCfg = Release|Any CPU
		{57522E5F-832C-4C0E-9456-E1C625A7E516}.Release|x86.Build.0 = Release|Any CPU
		{01EBBC7D-1E8D-461B-A0D2-C30C3E20E7BC}.Debug|Any CPU.ActiveCfg = Debug|Any CPU
		{01EBBC7D-1E8D-461B-A0D2-C30C3E20E7BC}.Debug|Any CPU.Build.0 = Debug|Any CPU
		{01EBBC7D-1E8D-461B-A0D2-C30C3E20E7BC}.Debug|x64.ActiveCfg = Debug|Any CPU
		{01EBBC7D-1E8D-461B-A0D2-C30C3E20E7BC}.Debug|x64.Build.0 = Debug|Any CPU
		{01EBBC7D-1E8D-461B-A0D2-C30C3E20E7BC}.Debug|x86.ActiveCfg = Debug|Any CPU
		{01EBBC7D-1E8D-461B-A0D2-C30C3E20E7BC}.Debug|x86.Build.0 = Debug|Any CPU
		{01EBBC7D-1E8D-461B-A0D2-C30C3E20E7BC}.Release|Any CPU.ActiveCfg = Release|Any CPU
		{01EBBC7D-1E8D-461B-A0D2-C30C3E20E7BC}.Release|Any CPU.Build.0 = Release|Any CPU
		{01EBBC7D-1E8D-461B-A0D2-C30C3E20E7BC}.Release|x64.ActiveCfg = Release|Any CPU
		{01EBBC7D-1E8D-461B-A0D2-C30C3E20E7BC}.Release|x64.Build.0 = Release|Any CPU
		{01EBBC7D-1E8D-461B-A0D2-C30C3E20E7BC}.Release|x86.ActiveCfg = Release|Any CPU
		{01EBBC7D-1E8D-461B-A0D2-C30C3E20E7BC}.Release|x86.Build.0 = Release|Any CPU
		{D8DA32E6-E47C-42D1-B21A-683C1C57B8A6}.Debug|Any CPU.ActiveCfg = Debug|Any CPU
		{D8DA32E6-E47C-42D1-B21A-683C1C57B8A6}.Debug|Any CPU.Build.0 = Debug|Any CPU
		{D8DA32E6-E47C-42D1-B21A-683C1C57B8A6}.Debug|x64.ActiveCfg = Debug|Any CPU
		{D8DA32E6-E47C-42D1-B21A-683C1C57B8A6}.Debug|x64.Build.0 = Debug|Any CPU
		{D8DA32E6-E47C-42D1-B21A-683C1C57B8A6}.Debug|x86.ActiveCfg = Debug|Any CPU
		{D8DA32E6-E47C-42D1-B21A-683C1C57B8A6}.Debug|x86.Build.0 = Debug|Any CPU
		{D8DA32E6-E47C-42D1-B21A-683C1C57B8A6}.Release|Any CPU.ActiveCfg = Release|Any CPU
		{D8DA32E6-E47C-42D1-B21A-683C1C57B8A6}.Release|Any CPU.Build.0 = Release|Any CPU
		{D8DA32E6-E47C-42D1-B21A-683C1C57B8A6}.Release|x64.ActiveCfg = Release|Any CPU
		{D8DA32E6-E47C-42D1-B21A-683C1C57B8A6}.Release|x64.Build.0 = Release|Any CPU
		{D8DA32E6-E47C-42D1-B21A-683C1C57B8A6}.Release|x86.ActiveCfg = Release|Any CPU
		{D8DA32E6-E47C-42D1-B21A-683C1C57B8A6}.Release|x86.Build.0 = Release|Any CPU
		{10B69C59-9FFB-4727-A0BE-EF55518A663A}.Debug|Any CPU.ActiveCfg = Debug|Any CPU
		{10B69C59-9FFB-4727-A0BE-EF55518A663A}.Debug|Any CPU.Build.0 = Debug|Any CPU
		{10B69C59-9FFB-4727-A0BE-EF55518A663A}.Debug|x64.ActiveCfg = Debug|Any CPU
		{10B69C59-9FFB-4727-A0BE-EF55518A663A}.Debug|x64.Build.0 = Debug|Any CPU
		{10B69C59-9FFB-4727-A0BE-EF55518A663A}.Debug|x86.ActiveCfg = Debug|Any CPU
		{10B69C59-9FFB-4727-A0BE-EF55518A663A}.Debug|x86.Build.0 = Debug|Any CPU
		{10B69C59-9FFB-4727-A0BE-EF55518A663A}.Release|Any CPU.ActiveCfg = Release|Any CPU
		{10B69C59-9FFB-4727-A0BE-EF55518A663A}.Release|Any CPU.Build.0 = Release|Any CPU
		{10B69C59-9FFB-4727-A0BE-EF55518A663A}.Release|x64.ActiveCfg = Release|Any CPU
		{10B69C59-9FFB-4727-A0BE-EF55518A663A}.Release|x64.Build.0 = Release|Any CPU
		{10B69C59-9FFB-4727-A0BE-EF55518A663A}.Release|x86.ActiveCfg = Release|Any CPU
		{10B69C59-9FFB-4727-A0BE-EF55518A663A}.Release|x86.Build.0 = Release|Any CPU
		{AD0FA010-F8B5-4217-87B1-6F420610409E}.Debug|Any CPU.ActiveCfg = Debug|Any CPU
		{AD0FA010-F8B5-4217-87B1-6F420610409E}.Debug|Any CPU.Build.0 = Debug|Any CPU
		{AD0FA010-F8B5-4217-87B1-6F420610409E}.Debug|x64.ActiveCfg = Debug|Any CPU
		{AD0FA010-F8B5-4217-87B1-6F420610409E}.Debug|x64.Build.0 = Debug|Any CPU
		{AD0FA010-F8B5-4217-87B1-6F420610409E}.Debug|x86.ActiveCfg = Debug|Any CPU
		{AD0FA010-F8B5-4217-87B1-6F420610409E}.Debug|x86.Build.0 = Debug|Any CPU
		{AD0FA010-F8B5-4217-87B1-6F420610409E}.Release|Any CPU.ActiveCfg = Release|Any CPU
		{AD0FA010-F8B5-4217-87B1-6F420610409E}.Release|Any CPU.Build.0 = Release|Any CPU
		{AD0FA010-F8B5-4217-87B1-6F420610409E}.Release|x64.ActiveCfg = Release|Any CPU
		{AD0FA010-F8B5-4217-87B1-6F420610409E}.Release|x64.Build.0 = Release|Any CPU
		{AD0FA010-F8B5-4217-87B1-6F420610409E}.Release|x86.ActiveCfg = Release|Any CPU
		{AD0FA010-F8B5-4217-87B1-6F420610409E}.Release|x86.Build.0 = Release|Any CPU
		{DD0402F1-D4A9-4047-A78E-702CBD67BF54}.Debug|Any CPU.ActiveCfg = Debug|Any CPU
		{DD0402F1-D4A9-4047-A78E-702CBD67BF54}.Debug|Any CPU.Build.0 = Debug|Any CPU
		{DD0402F1-D4A9-4047-A78E-702CBD67BF54}.Debug|x64.ActiveCfg = Debug|Any CPU
		{DD0402F1-D4A9-4047-A78E-702CBD67BF54}.Debug|x64.Build.0 = Debug|Any CPU
		{DD0402F1-D4A9-4047-A78E-702CBD67BF54}.Debug|x86.ActiveCfg = Debug|Any CPU
		{DD0402F1-D4A9-4047-A78E-702CBD67BF54}.Debug|x86.Build.0 = Debug|Any CPU
		{DD0402F1-D4A9-4047-A78E-702CBD67BF54}.Release|Any CPU.ActiveCfg = Release|Any CPU
		{DD0402F1-D4A9-4047-A78E-702CBD67BF54}.Release|Any CPU.Build.0 = Release|Any CPU
		{DD0402F1-D4A9-4047-A78E-702CBD67BF54}.Release|x64.ActiveCfg = Release|Any CPU
		{DD0402F1-D4A9-4047-A78E-702CBD67BF54}.Release|x64.Build.0 = Release|Any CPU
		{DD0402F1-D4A9-4047-A78E-702CBD67BF54}.Release|x86.ActiveCfg = Release|Any CPU
		{DD0402F1-D4A9-4047-A78E-702CBD67BF54}.Release|x86.Build.0 = Release|Any CPU
		{C72E2732-2FD9-4C4F-98A0-A8ED2F7597E2}.Debug|Any CPU.ActiveCfg = Debug|Any CPU
		{C72E2732-2FD9-4C4F-98A0-A8ED2F7597E2}.Debug|Any CPU.Build.0 = Debug|Any CPU
		{C72E2732-2FD9-4C4F-98A0-A8ED2F7597E2}.Debug|x64.ActiveCfg = Debug|Any CPU
		{C72E2732-2FD9-4C4F-98A0-A8ED2F7597E2}.Debug|x64.Build.0 = Debug|Any CPU
		{C72E2732-2FD9-4C4F-98A0-A8ED2F7597E2}.Debug|x86.ActiveCfg = Debug|Any CPU
		{C72E2732-2FD9-4C4F-98A0-A8ED2F7597E2}.Debug|x86.Build.0 = Debug|Any CPU
		{C72E2732-2FD9-4C4F-98A0-A8ED2F7597E2}.Release|Any CPU.ActiveCfg = Release|Any CPU
		{C72E2732-2FD9-4C4F-98A0-A8ED2F7597E2}.Release|Any CPU.Build.0 = Release|Any CPU
		{C72E2732-2FD9-4C4F-98A0-A8ED2F7597E2}.Release|x64.ActiveCfg = Release|Any CPU
		{C72E2732-2FD9-4C4F-98A0-A8ED2F7597E2}.Release|x64.Build.0 = Release|Any CPU
		{C72E2732-2FD9-4C4F-98A0-A8ED2F7597E2}.Release|x86.ActiveCfg = Release|Any CPU
		{C72E2732-2FD9-4C4F-98A0-A8ED2F7597E2}.Release|x86.Build.0 = Release|Any CPU
		{AFE6B0C1-2589-4F0B-BC02-B5758B3B1612}.Debug|Any CPU.ActiveCfg = Debug|Any CPU
		{AFE6B0C1-2589-4F0B-BC02-B5758B3B1612}.Debug|Any CPU.Build.0 = Debug|Any CPU
		{AFE6B0C1-2589-4F0B-BC02-B5758B3B1612}.Debug|x64.ActiveCfg = Debug|Any CPU
		{AFE6B0C1-2589-4F0B-BC02-B5758B3B1612}.Debug|x64.Build.0 = Debug|Any CPU
		{AFE6B0C1-2589-4F0B-BC02-B5758B3B1612}.Debug|x86.ActiveCfg = Debug|Any CPU
		{AFE6B0C1-2589-4F0B-BC02-B5758B3B1612}.Debug|x86.Build.0 = Debug|Any CPU
		{AFE6B0C1-2589-4F0B-BC02-B5758B3B1612}.Release|Any CPU.ActiveCfg = Release|Any CPU
		{AFE6B0C1-2589-4F0B-BC02-B5758B3B1612}.Release|Any CPU.Build.0 = Release|Any CPU
		{AFE6B0C1-2589-4F0B-BC02-B5758B3B1612}.Release|x64.ActiveCfg = Release|Any CPU
		{AFE6B0C1-2589-4F0B-BC02-B5758B3B1612}.Release|x64.Build.0 = Release|Any CPU
		{AFE6B0C1-2589-4F0B-BC02-B5758B3B1612}.Release|x86.ActiveCfg = Release|Any CPU
		{AFE6B0C1-2589-4F0B-BC02-B5758B3B1612}.Release|x86.Build.0 = Release|Any CPU
		{D912433D-9BD1-417E-A93D-269782773981}.Debug|Any CPU.ActiveCfg = Debug|Any CPU
		{D912433D-9BD1-417E-A93D-269782773981}.Debug|Any CPU.Build.0 = Debug|Any CPU
		{D912433D-9BD1-417E-A93D-269782773981}.Debug|x64.ActiveCfg = Debug|Any CPU
		{D912433D-9BD1-417E-A93D-269782773981}.Debug|x64.Build.0 = Debug|Any CPU
		{D912433D-9BD1-417E-A93D-269782773981}.Debug|x86.ActiveCfg = Debug|Any CPU
		{D912433D-9BD1-417E-A93D-269782773981}.Debug|x86.Build.0 = Debug|Any CPU
		{D912433D-9BD1-417E-A93D-269782773981}.Release|Any CPU.ActiveCfg = Release|Any CPU
		{D912433D-9BD1-417E-A93D-269782773981}.Release|Any CPU.Build.0 = Release|Any CPU
		{D912433D-9BD1-417E-A93D-269782773981}.Release|x64.ActiveCfg = Release|Any CPU
		{D912433D-9BD1-417E-A93D-269782773981}.Release|x64.Build.0 = Release|Any CPU
		{D912433D-9BD1-417E-A93D-269782773981}.Release|x86.ActiveCfg = Release|Any CPU
		{D912433D-9BD1-417E-A93D-269782773981}.Release|x86.Build.0 = Release|Any CPU
		{065C321D-898D-43AD-844D-2B86E061C2E5}.Debug|Any CPU.ActiveCfg = Debug|Any CPU
		{065C321D-898D-43AD-844D-2B86E061C2E5}.Debug|Any CPU.Build.0 = Debug|Any CPU
		{065C321D-898D-43AD-844D-2B86E061C2E5}.Debug|x64.ActiveCfg = Debug|Any CPU
		{065C321D-898D-43AD-844D-2B86E061C2E5}.Debug|x64.Build.0 = Debug|Any CPU
		{065C321D-898D-43AD-844D-2B86E061C2E5}.Debug|x86.ActiveCfg = Debug|Any CPU
		{065C321D-898D-43AD-844D-2B86E061C2E5}.Debug|x86.Build.0 = Debug|Any CPU
		{065C321D-898D-43AD-844D-2B86E061C2E5}.Release|Any CPU.ActiveCfg = Release|Any CPU
		{065C321D-898D-43AD-844D-2B86E061C2E5}.Release|Any CPU.Build.0 = Release|Any CPU
		{065C321D-898D-43AD-844D-2B86E061C2E5}.Release|x64.ActiveCfg = Release|Any CPU
		{065C321D-898D-43AD-844D-2B86E061C2E5}.Release|x64.Build.0 = Release|Any CPU
		{065C321D-898D-43AD-844D-2B86E061C2E5}.Release|x86.ActiveCfg = Release|Any CPU
		{065C321D-898D-43AD-844D-2B86E061C2E5}.Release|x86.Build.0 = Release|Any CPU
		{445C0693-8074-4A41-AE3F-9D26FF07321A}.Debug|Any CPU.ActiveCfg = Debug|Any CPU
		{445C0693-8074-4A41-AE3F-9D26FF07321A}.Debug|Any CPU.Build.0 = Debug|Any CPU
		{445C0693-8074-4A41-AE3F-9D26FF07321A}.Debug|x64.ActiveCfg = Debug|Any CPU
		{445C0693-8074-4A41-AE3F-9D26FF07321A}.Debug|x64.Build.0 = Debug|Any CPU
		{445C0693-8074-4A41-AE3F-9D26FF07321A}.Debug|x86.ActiveCfg = Debug|Any CPU
		{445C0693-8074-4A41-AE3F-9D26FF07321A}.Debug|x86.Build.0 = Debug|Any CPU
		{445C0693-8074-4A41-AE3F-9D26FF07321A}.Release|Any CPU.ActiveCfg = Release|Any CPU
		{445C0693-8074-4A41-AE3F-9D26FF07321A}.Release|Any CPU.Build.0 = Release|Any CPU
		{445C0693-8074-4A41-AE3F-9D26FF07321A}.Release|x64.ActiveCfg = Release|Any CPU
		{445C0693-8074-4A41-AE3F-9D26FF07321A}.Release|x64.Build.0 = Release|Any CPU
		{445C0693-8074-4A41-AE3F-9D26FF07321A}.Release|x86.ActiveCfg = Release|Any CPU
		{445C0693-8074-4A41-AE3F-9D26FF07321A}.Release|x86.Build.0 = Release|Any CPU
		{B61284FD-C6E8-437D-9C06-86575121A49D}.Debug|Any CPU.ActiveCfg = Debug|Any CPU
		{B61284FD-C6E8-437D-9C06-86575121A49D}.Debug|Any CPU.Build.0 = Debug|Any CPU
		{B61284FD-C6E8-437D-9C06-86575121A49D}.Debug|x64.ActiveCfg = Debug|Any CPU
		{B61284FD-C6E8-437D-9C06-86575121A49D}.Debug|x64.Build.0 = Debug|Any CPU
		{B61284FD-C6E8-437D-9C06-86575121A49D}.Debug|x86.ActiveCfg = Debug|Any CPU
		{B61284FD-C6E8-437D-9C06-86575121A49D}.Debug|x86.Build.0 = Debug|Any CPU
		{B61284FD-C6E8-437D-9C06-86575121A49D}.Release|Any CPU.ActiveCfg = Release|Any CPU
		{B61284FD-C6E8-437D-9C06-86575121A49D}.Release|Any CPU.Build.0 = Release|Any CPU
		{B61284FD-C6E8-437D-9C06-86575121A49D}.Release|x64.ActiveCfg = Release|Any CPU
		{B61284FD-C6E8-437D-9C06-86575121A49D}.Release|x64.Build.0 = Release|Any CPU
		{B61284FD-C6E8-437D-9C06-86575121A49D}.Release|x86.ActiveCfg = Release|Any CPU
		{B61284FD-C6E8-437D-9C06-86575121A49D}.Release|x86.Build.0 = Release|Any CPU
		{5064F505-B8E9-480C-9D58-942F3F0636E0}.Debug|Any CPU.ActiveCfg = Debug|Any CPU
		{5064F505-B8E9-480C-9D58-942F3F0636E0}.Debug|Any CPU.Build.0 = Debug|Any CPU
		{5064F505-B8E9-480C-9D58-942F3F0636E0}.Debug|x64.ActiveCfg = Debug|Any CPU
		{5064F505-B8E9-480C-9D58-942F3F0636E0}.Debug|x64.Build.0 = Debug|Any CPU
		{5064F505-B8E9-480C-9D58-942F3F0636E0}.Debug|x86.ActiveCfg = Debug|Any CPU
		{5064F505-B8E9-480C-9D58-942F3F0636E0}.Debug|x86.Build.0 = Debug|Any CPU
		{5064F505-B8E9-480C-9D58-942F3F0636E0}.Release|Any CPU.ActiveCfg = Release|Any CPU
		{5064F505-B8E9-480C-9D58-942F3F0636E0}.Release|Any CPU.Build.0 = Release|Any CPU
		{5064F505-B8E9-480C-9D58-942F3F0636E0}.Release|x64.ActiveCfg = Release|Any CPU
		{5064F505-B8E9-480C-9D58-942F3F0636E0}.Release|x64.Build.0 = Release|Any CPU
		{5064F505-B8E9-480C-9D58-942F3F0636E0}.Release|x86.ActiveCfg = Release|Any CPU
		{5064F505-B8E9-480C-9D58-942F3F0636E0}.Release|x86.Build.0 = Release|Any CPU
	EndGlobalSection
	GlobalSection(NestedProjects) = preSolution
		{43F433C9-087B-4DBA-925A-896471381EBB} = {A7C2BC38-85B2-40B5-9F62-22A128C39A1E}
		{00D240D4-BF53-431D-8EE7-E86F0C9BE042} = {A7C2BC38-85B2-40B5-9F62-22A128C39A1E}
		{55982E8E-9BAF-475C-85B1-AB6E03B272D8} = {A7C2BC38-85B2-40B5-9F62-22A128C39A1E}
		{BDBDD765-E85C-41E7-A554-A5ECE92640F8} = {A7C2BC38-85B2-40B5-9F62-22A128C39A1E}
		{64F99CD6-64D1-4212-A561-ABEDBDDE8E0D} = {A7C2BC38-85B2-40B5-9F62-22A128C39A1E}
		{1E7E55B5-CCDA-45D7-AF58-AA23AEC2328F} = {A7C2BC38-85B2-40B5-9F62-22A128C39A1E}
		{57522E5F-832C-4C0E-9456-E1C625A7E516} = {A7C2BC38-85B2-40B5-9F62-22A128C39A1E}
		{01EBBC7D-1E8D-461B-A0D2-C30C3E20E7BC} = {A7C2BC38-85B2-40B5-9F62-22A128C39A1E}
		{D8DA32E6-E47C-42D1-B21A-683C1C57B8A6} = {A7C2BC38-85B2-40B5-9F62-22A128C39A1E}
		{10B69C59-9FFB-4727-A0BE-EF55518A663A} = {A7C2BC38-85B2-40B5-9F62-22A128C39A1E}
		{AD0FA010-F8B5-4217-87B1-6F420610409E} = {A7C2BC38-85B2-40B5-9F62-22A128C39A1E}
		{DD0402F1-D4A9-4047-A78E-702CBD67BF54} = {A7C2BC38-85B2-40B5-9F62-22A128C39A1E}
		{C72E2732-2FD9-4C4F-98A0-A8ED2F7597E2} = {A7C2BC38-85B2-40B5-9F62-22A128C39A1E}
		{AFE6B0C1-2589-4F0B-BC02-B5758B3B1612} = {0BE7223A-F2B8-453A-A2B0-178EB5FFDB61}
		{D912433D-9BD1-417E-A93D-269782773981} = {0BE7223A-F2B8-453A-A2B0-178EB5FFDB61}
		{065C321D-898D-43AD-844D-2B86E061C2E5} = {0BE7223A-F2B8-453A-A2B0-178EB5FFDB61}
		{445C0693-8074-4A41-AE3F-9D26FF07321A} = {0BE7223A-F2B8-453A-A2B0-178EB5FFDB61}
		{B61284FD-C6E8-437D-9C06-86575121A49D} = {A7C2BC38-85B2-40B5-9F62-22A128C39A1E}
	EndGlobalSection
EndGlobal
